// !$*UTF8*$!
{
	archiveVersion = 1;
	classes = {
	};
	objectVersion = 51;
	objects = {

/* Begin PBXBuildFile section */
		1DDD58160DA1D0A300B32029 /* MainMenu.xib in Resources */ = {isa = PBXBuildFile; fileRef = 1DDD58140DA1D0A300B32029 /* MainMenu.xib */; };
		8D11072B0486CEB800E47090 /* InfoPlist.strings in Resources */ = {isa = PBXBuildFile; fileRef = 089C165CFE840E0CC02AAC07 /* InfoPlist.strings */; };
		8D11072D0486CEB800E47090 /* main.m in Sources */ = {isa = PBXBuildFile; fileRef = 29B97316FDCFA39411CA2CEA /* main.m */; settings = {ATTRIBUTES = (); }; };
		8D11072F0486CEB800E47090 /* Cocoa.framework in Frameworks */ = {isa = PBXBuildFile; fileRef = 1058C7A1FEA54F0111CA2CBB /* Cocoa.framework */; };
		9E0351C30E9D8B570043AC3E /* MPPatchWindow.mm in Sources */ = {isa = PBXBuildFile; fileRef = 9E0351C10E9D8B570043AC3E /* MPPatchWindow.mm */; };
		9E16BDCF21B39633007FBC85 /* librup.c in Sources */ = {isa = PBXBuildFile; fileRef = 9E16BDCE21B39633007FBC85 /* librup.c */; };
		9E17AB9F120F9E9800BA4827 /* MPCreationWindow.mm in Sources */ = {isa = PBXBuildFile; fileRef = 9E17AB9E120F9E9800BA4827 /* MPCreationWindow.mm */; };
		9E2701CC1C31C59000F50B1F /* mbFlipWindow.m in Sources */ = {isa = PBXBuildFile; fileRef = 9E2701CB1C31C59000F50B1F /* mbFlipWindow.m */; };
		9E2701CE1C31C64200F50B1F /* QuartzCore.framework in Frameworks */ = {isa = PBXBuildFile; fileRef = 9E2701CD1C31C64200F50B1F /* QuartzCore.framework */; };
		9E2C4AE121B3479300D74816 /* MultiPatchController.m in Sources */ = {isa = PBXBuildFile; fileRef = 9E2C4AE021B3479300D74816 /* MultiPatchController.m */; };
		9E2F9D1821740CB200EBD217 /* IPSAdapter.mm in Sources */ = {isa = PBXBuildFile; fileRef = 9E2F9D1621740CB200EBD217 /* IPSAdapter.mm */; };
		9E2F9D1B21740D6200EBD217 /* BPSAdapter.mm in Sources */ = {isa = PBXBuildFile; fileRef = 9E2F9D1A21740D6200EBD217 /* BPSAdapter.mm */; };
		9E2F9D1E21740D9F00EBD217 /* UPSAdapter.mm in Sources */ = {isa = PBXBuildFile; fileRef = 9E2F9D1D21740D9F00EBD217 /* UPSAdapter.mm */; };
		9E2F9DA52174253A00EBD217 /* flips.cpp in Sources */ = {isa = PBXBuildFile; fileRef = 9E2F9D222174253A00EBD217 /* flips.cpp */; };
		9E2F9DA72174253A00EBD217 /* libups.cpp in Sources */ = {isa = PBXBuildFile; fileRef = 9E2F9D242174253A00EBD217 /* libups.cpp */; };
		9E2F9DAD2174253A00EBD217 /* crc32.cpp in Sources */ = {isa = PBXBuildFile; fileRef = 9E2F9D2D2174253A00EBD217 /* crc32.cpp */; };
		9E2F9DAF2174253A00EBD217 /* libips.cpp in Sources */ = {isa = PBXBuildFile; fileRef = 9E2F9D2F2174253A00EBD217 /* libips.cpp */; };
		9E2F9DB02174253A00EBD217 /* divsufsort.c in Sources */ = {isa = PBXBuildFile; fileRef = 9E2F9D302174253A00EBD217 /* divsufsort.c */; };
		9E2F9DB32174253A00EBD217 /* libbps-suf.cpp in Sources */ = {isa = PBXBuildFile; fileRef = 9E2F9D332174253A00EBD217 /* libbps-suf.cpp */; };
		9E2F9E0F2174253A00EBD217 /* libbps.cpp in Sources */ = {isa = PBXBuildFile; fileRef = 9E2F9DA32174253A00EBD217 /* libbps.cpp */; };
		9E2F9E1221742EC900EBD217 /* flips-support.cpp in Sources */ = {isa = PBXBuildFile; fileRef = 9E2F9E1121742EC900EBD217 /* flips-support.cpp */; };
		9E344FCA21BDF59E009AA80A /* RUPAdapter.m in Sources */ = {isa = PBXBuildFile; fileRef = 9E344FC921BDF59E009AA80A /* RUPAdapter.m */; };
		9E72A22C25E49FD600D48E37 /* makeppf3_linux.c in Sources */ = {isa = PBXBuildFile; fileRef = 9E72A22A25E49FD600D48E37 /* makeppf3_linux.c */; };
		9E72A22D25E49FD600D48E37 /* makeppf3_linux.c in Sources */ = {isa = PBXBuildFile; fileRef = 9E72A22A25E49FD600D48E37 /* makeppf3_linux.c */; };
		9E72A22E25E49FD600D48E37 /* applyppf3_linux.c in Sources */ = {isa = PBXBuildFile; fileRef = 9E72A22B25E49FD600D48E37 /* applyppf3_linux.c */; };
		9E72A22F25E49FD600D48E37 /* applyppf3_linux.c in Sources */ = {isa = PBXBuildFile; fileRef = 9E72A22B25E49FD600D48E37 /* applyppf3_linux.c */; };
		9E72A23725E4A23600D48E37 /* PPFAdapter.m in Sources */ = {isa = PBXBuildFile; fileRef = 9E72A23625E4A23600D48E37 /* PPFAdapter.m */; };
		9E72A23825E4A23600D48E37 /* PPFAdapter.m in Sources */ = {isa = PBXBuildFile; fileRef = 9E72A23625E4A23600D48E37 /* PPFAdapter.m */; };
		9EAEB1D511E1767B006CF92A /* bandages.icns in Resources */ = {isa = PBXBuildFile; fileRef = 9EAEB1D411E1767B006CF92A /* bandages.icns */; };
		9EBBF6CA1EA06D2C00EF26A3 /* MPFileTextField.m in Sources */ = {isa = PBXBuildFile; fileRef = 9EBBF6C91EA06D2C00EF26A3 /* MPFileTextField.m */; };
		9ED6066E126D30DC004782CA /* bsdiff.c in Sources */ = {isa = PBXBuildFile; fileRef = 9ED6066C126D30DC004782CA /* bsdiff.c */; };
		9ED6066F126D30DC004782CA /* bspatch.c in Sources */ = {isa = PBXBuildFile; fileRef = 9ED6066D126D30DC004782CA /* bspatch.c */; };
		9ED60672126D370C004782CA /* BSdiffAdapter.m in Sources */ = {isa = PBXBuildFile; fileRef = 9ED60671126D370C004782CA /* BSdiffAdapter.m */; };
		9EDB5E2921ACE75A0028764B /* MPPatchResult.m in Sources */ = {isa = PBXBuildFile; fileRef = 9EDB5E2821ACE75A0028764B /* MPPatchResult.m */; };
		9EEA30F111E041B8005B6996 /* xdelta3.c in Sources */ = {isa = PBXBuildFile; fileRef = 9EEA30EF11E041B8005B6996 /* xdelta3.c */; };
		9EFA6CE611E153B500CBE19A /* XDeltaAdapter.m in Sources */ = {isa = PBXBuildFile; fileRef = 9EFA6CE511E153B500CBE19A /* XDeltaAdapter.m */; };
		9EFB027A256D7BFD00B583D0 /* main.m in Sources */ = {isa = PBXBuildFile; fileRef = 9EFB0279256D7BFD00B583D0 /* main.m */; };
		9EFB0280256D7CFE00B583D0 /* md5.c in Sources */ = {isa = PBXBuildFile; fileRef = 9EFBC84A21B8DEB60005DCA6 /* md5.c */; };
		9EFB0283256D7D0100B583D0 /* librup.c in Sources */ = {isa = PBXBuildFile; fileRef = 9E16BDCE21B39633007FBC85 /* librup.c */; };
		9EFB0286256D7D0C00B583D0 /* flips.cpp in Sources */ = {isa = PBXBuildFile; fileRef = 9E2F9D222174253A00EBD217 /* flips.cpp */; };
		9EFB0289256D7D1500B583D0 /* crc32.cpp in Sources */ = {isa = PBXBuildFile; fileRef = 9E2F9D2D2174253A00EBD217 /* crc32.cpp */; };
		9EFB028C256D7D1800B583D0 /* divsufsort.c in Sources */ = {isa = PBXBuildFile; fileRef = 9E2F9D302174253A00EBD217 /* divsufsort.c */; };
		9EFB028F256D7D2800B583D0 /* libbps-suf.cpp in Sources */ = {isa = PBXBuildFile; fileRef = 9E2F9D332174253A00EBD217 /* libbps-suf.cpp */; };
		9EFB0292256D7D2B00B583D0 /* libbps.cpp in Sources */ = {isa = PBXBuildFile; fileRef = 9E2F9DA32174253A00EBD217 /* libbps.cpp */; };
		9EFB0295256D7D5800B583D0 /* libips.cpp in Sources */ = {isa = PBXBuildFile; fileRef = 9E2F9D2F2174253A00EBD217 /* libips.cpp */; };
		9EFB0298256D7D5B00B583D0 /* libups.cpp in Sources */ = {isa = PBXBuildFile; fileRef = 9E2F9D242174253A00EBD217 /* libups.cpp */; };
		9EFB029B256D7D6700B583D0 /* IPSAdapter.mm in Sources */ = {isa = PBXBuildFile; fileRef = 9E2F9D1621740CB200EBD217 /* IPSAdapter.mm */; };
		9EFB029E256D7D6A00B583D0 /* BPSAdapter.mm in Sources */ = {isa = PBXBuildFile; fileRef = 9E2F9D1A21740D6200EBD217 /* BPSAdapter.mm */; };
		9EFB02A1256D7D6C00B583D0 /* UPSAdapter.mm in Sources */ = {isa = PBXBuildFile; fileRef = 9E2F9D1D21740D9F00EBD217 /* UPSAdapter.mm */; };
		9EFB02A4256D7D7000B583D0 /* flips-support.cpp in Sources */ = {isa = PBXBuildFile; fileRef = 9E2F9E1121742EC900EBD217 /* flips-support.cpp */; };
		9EFB02A7256D7D7400B583D0 /* RUPAdapter.m in Sources */ = {isa = PBXBuildFile; fileRef = 9E344FC921BDF59E009AA80A /* RUPAdapter.m */; };
		9EFB02AA256D7D7900B583D0 /* BSdiffAdapter.m in Sources */ = {isa = PBXBuildFile; fileRef = 9ED60671126D370C004782CA /* BSdiffAdapter.m */; };
		9EFB02AD256D7D7B00B583D0 /* bsdiff.c in Sources */ = {isa = PBXBuildFile; fileRef = 9ED6066C126D30DC004782CA /* bsdiff.c */; };
		9EFB02B0256D7D7D00B583D0 /* bspatch.c in Sources */ = {isa = PBXBuildFile; fileRef = 9ED6066D126D30DC004782CA /* bspatch.c */; };
		9EFB02BC256D7D9A00B583D0 /* xdelta3.c in Sources */ = {isa = PBXBuildFile; fileRef = 9EEA30EF11E041B8005B6996 /* xdelta3.c */; };
		9EFB02BF256D7D9C00B583D0 /* XDeltaAdapter.m in Sources */ = {isa = PBXBuildFile; fileRef = 9EFA6CE511E153B500CBE19A /* XDeltaAdapter.m */; };
		9EFB02C4256D7E1500B583D0 /* MPPatchResult.m in Sources */ = {isa = PBXBuildFile; fileRef = 9EDB5E2821ACE75A0028764B /* MPPatchResult.m */; };
		9EFB02C9256D7F5800B583D0 /* MPSettings.m in Sources */ = {isa = PBXBuildFile; fileRef = 9EFB02C8256D7F5800B583D0 /* MPSettings.m */; };
		9EFB02CA256D7F5800B583D0 /* MPSettings.m in Sources */ = {isa = PBXBuildFile; fileRef = 9EFB02C8256D7F5800B583D0 /* MPSettings.m */; };
		9EFBC84C21B8DEB60005DCA6 /* md5.c in Sources */ = {isa = PBXBuildFile; fileRef = 9EFBC84A21B8DEB60005DCA6 /* md5.c */; };
/* End PBXBuildFile section */

/* Begin PBXCopyFilesBuildPhase section */
		9EFB0275256D7BFD00B583D0 /* CopyFiles */ = {
			isa = PBXCopyFilesBuildPhase;
			buildActionMask = 2147483647;
			dstPath = /usr/share/man/man1/;
			dstSubfolderSpec = 0;
			files = (
			);
			runOnlyForDeploymentPostprocessing = 1;
		};
/* End PBXCopyFilesBuildPhase section */

/* Begin PBXFileReference section */
		1058C7A1FEA54F0111CA2CBB /* Cocoa.framework */ = {isa = PBXFileReference; lastKnownFileType = wrapper.framework; name = Cocoa.framework; path = /System/Library/Frameworks/Cocoa.framework; sourceTree = "<absolute>"; };
		13E42FB307B3F0F600E4EEF1 /* CoreData.framework */ = {isa = PBXFileReference; lastKnownFileType = wrapper.framework; name = CoreData.framework; path = /System/Library/Frameworks/CoreData.framework; sourceTree = "<absolute>"; };
		29B97316FDCFA39411CA2CEA /* main.m */ = {isa = PBXFileReference; fileEncoding = 4; lastKnownFileType = sourcecode.c.objc; path = main.m; sourceTree = "<group>"; };
		29B97324FDCFA39411CA2CEA /* AppKit.framework */ = {isa = PBXFileReference; lastKnownFileType = wrapper.framework; name = AppKit.framework; path = /System/Library/Frameworks/AppKit.framework; sourceTree = "<absolute>"; };
		29B97325FDCFA39411CA2CEA /* Foundation.framework */ = {isa = PBXFileReference; lastKnownFileType = wrapper.framework; name = Foundation.framework; path = /System/Library/Frameworks/Foundation.framework; sourceTree = "<absolute>"; };
		32CA4F630368D1EE00C91783 /* MultiPatch_Prefix.pch */ = {isa = PBXFileReference; fileEncoding = 4; lastKnownFileType = sourcecode.c.h; path = MultiPatch_Prefix.pch; sourceTree = "<group>"; };
		8D1107310486CEB800E47090 /* Info.plist */ = {isa = PBXFileReference; fileEncoding = 4; lastKnownFileType = text.plist.xml; path = Info.plist; sourceTree = "<group>"; };
		9E0351C10E9D8B570043AC3E /* MPPatchWindow.mm */ = {isa = PBXFileReference; fileEncoding = 4; lastKnownFileType = sourcecode.cpp.objcpp; path = MPPatchWindow.mm; sourceTree = "<group>"; };
		9E0351C20E9D8B570043AC3E /* MPPatchWindow.h */ = {isa = PBXFileReference; fileEncoding = 4; lastKnownFileType = sourcecode.c.h; path = MPPatchWindow.h; sourceTree = "<group>"; };
		9E16BDCD21B39633007FBC85 /* librup.h */ = {isa = PBXFileReference; lastKnownFileType = sourcecode.c.h; path = librup.h; sourceTree = "<group>"; };
		9E16BDCE21B39633007FBC85 /* librup.c */ = {isa = PBXFileReference; lastKnownFileType = sourcecode.c.c; path = librup.c; sourceTree = "<group>"; };
		9E17AB9D120F9E9800BA4827 /* MPCreationWindow.h */ = {isa = PBXFileReference; fileEncoding = 4; lastKnownFileType = sourcecode.c.h; path = MPCreationWindow.h; sourceTree = "<group>"; };
		9E17AB9E120F9E9800BA4827 /* MPCreationWindow.mm */ = {isa = PBXFileReference; fileEncoding = 4; lastKnownFileType = sourcecode.cpp.objcpp; path = MPCreationWindow.mm; sourceTree = "<group>"; };
		9E2701C81C31C16B00F50B1F /* CoreImage.framework */ = {isa = PBXFileReference; lastKnownFileType = wrapper.framework; name = CoreImage.framework; path = System/Library/Frameworks/CoreImage.framework; sourceTree = SDKROOT; };
		9E2701CA1C31C59000F50B1F /* mbFlipWindow.h */ = {isa = PBXFileReference; fileEncoding = 4; lastKnownFileType = sourcecode.c.h; path = mbFlipWindow.h; sourceTree = "<group>"; };
		9E2701CB1C31C59000F50B1F /* mbFlipWindow.m */ = {isa = PBXFileReference; fileEncoding = 4; lastKnownFileType = sourcecode.c.objc; path = mbFlipWindow.m; sourceTree = "<group>"; };
		9E2701CD1C31C64200F50B1F /* QuartzCore.framework */ = {isa = PBXFileReference; lastKnownFileType = wrapper.framework; name = QuartzCore.framework; path = System/Library/Frameworks/QuartzCore.framework; sourceTree = SDKROOT; };
		9E2C4ADF21B3479300D74816 /* MultiPatchController.h */ = {isa = PBXFileReference; lastKnownFileType = sourcecode.c.h; path = MultiPatchController.h; sourceTree = "<group>"; };
		9E2C4AE021B3479300D74816 /* MultiPatchController.m */ = {isa = PBXFileReference; lastKnownFileType = sourcecode.c.objc; path = MultiPatchController.m; sourceTree = "<group>"; };
		9E2F9D1621740CB200EBD217 /* IPSAdapter.mm */ = {isa = PBXFileReference; fileEncoding = 4; lastKnownFileType = sourcecode.cpp.objcpp; path = IPSAdapter.mm; sourceTree = "<group>"; };
		9E2F9D1721740CB200EBD217 /* IPSAdapter.h */ = {isa = PBXFileReference; fileEncoding = 4; lastKnownFileType = sourcecode.c.h; path = IPSAdapter.h; sourceTree = "<group>"; };
		9E2F9D1921740D6200EBD217 /* BPSAdapter.h */ = {isa = PBXFileReference; lastKnownFileType = sourcecode.c.h; path = BPSAdapter.h; sourceTree = "<group>"; };
		9E2F9D1A21740D6200EBD217 /* BPSAdapter.mm */ = {isa = PBXFileReference; lastKnownFileType = sourcecode.cpp.objcpp; path = BPSAdapter.mm; sourceTree = "<group>"; };
		9E2F9D1C21740D9F00EBD217 /* UPSAdapter.h */ = {isa = PBXFileReference; lastKnownFileType = sourcecode.c.h; path = UPSAdapter.h; sourceTree = "<group>"; };
		9E2F9D1D21740D9F00EBD217 /* UPSAdapter.mm */ = {isa = PBXFileReference; lastKnownFileType = sourcecode.cpp.objcpp; path = UPSAdapter.mm; sourceTree = "<group>"; };
		9E2F9D222174253A00EBD217 /* flips.cpp */ = {isa = PBXFileReference; fileEncoding = 4; lastKnownFileType = sourcecode.cpp.cpp; path = flips.cpp; sourceTree = "<group>"; };
		9E2F9D232174253A00EBD217 /* flips.Manifest */ = {isa = PBXFileReference; fileEncoding = 4; lastKnownFileType = text.xml; path = flips.Manifest; sourceTree = "<group>"; };
		9E2F9D242174253A00EBD217 /* libups.cpp */ = {isa = PBXFileReference; fileEncoding = 4; lastKnownFileType = sourcecode.cpp.cpp; path = libups.cpp; sourceTree = "<group>"; };
		9E2F9D252174253A00EBD217 /* libbps.h */ = {isa = PBXFileReference; fileEncoding = 4; lastKnownFileType = sourcecode.c.h; path = libbps.h; sourceTree = "<group>"; };
		9E2F9D262174253A00EBD217 /* libups.h */ = {isa = PBXFileReference; fileEncoding = 4; lastKnownFileType = sourcecode.c.h; path = libups.h; sourceTree = "<group>"; };
		9E2F9D272174253A00EBD217 /* make.sh */ = {isa = PBXFileReference; fileEncoding = 4; lastKnownFileType = text.script.sh; path = make.sh; sourceTree = "<group>"; };
		9E2F9D282174253A00EBD217 /* flips-w32.cpp */ = {isa = PBXFileReference; fileEncoding = 4; lastKnownFileType = sourcecode.cpp.cpp; path = "flips-w32.cpp"; sourceTree = "<group>"; };
		9E2F9D292174253A00EBD217 /* flips.rc */ = {isa = PBXFileReference; fileEncoding = 4; lastKnownFileType = text; path = flips.rc; sourceTree = "<group>"; };
		9E2F9D2A2174253A00EBD217 /* global.h */ = {isa = PBXFileReference; fileEncoding = 4; lastKnownFileType = sourcecode.c.h; path = global.h; sourceTree = "<group>"; };
		9E2F9D2B2174253A00EBD217 /* Makefile */ = {isa = PBXFileReference; fileEncoding = 4; lastKnownFileType = sourcecode.make; path = Makefile; sourceTree = "<group>"; };
		9E2F9D2C2174253A00EBD217 /* flips.ico */ = {isa = PBXFileReference; lastKnownFileType = image.ico; path = flips.ico; sourceTree = "<group>"; };
		9E2F9D2D2174253A00EBD217 /* crc32.cpp */ = {isa = PBXFileReference; fileEncoding = 4; lastKnownFileType = sourcecode.cpp.cpp; path = crc32.cpp; sourceTree = "<group>"; };
		9E2F9D2E2174253A00EBD217 /* ips.ico */ = {isa = PBXFileReference; lastKnownFileType = image.ico; path = ips.ico; sourceTree = "<group>"; };
		9E2F9D2F2174253A00EBD217 /* libips.cpp */ = {isa = PBXFileReference; fileEncoding = 4; lastKnownFileType = sourcecode.cpp.cpp; path = libips.cpp; sourceTree = "<group>"; };
		9E2F9D302174253A00EBD217 /* divsufsort.c */ = {isa = PBXFileReference; fileEncoding = 4; lastKnownFileType = sourcecode.c.c; path = divsufsort.c; sourceTree = "<group>"; };
		9E2F9D312174253A00EBD217 /* special.sh */ = {isa = PBXFileReference; fileEncoding = 4; lastKnownFileType = text.script.sh; path = special.sh; sourceTree = "<group>"; };
		9E2F9D322174253A00EBD217 /* README.md */ = {isa = PBXFileReference; fileEncoding = 4; lastKnownFileType = net.daringfireball.markdown; path = README.md; sourceTree = "<group>"; };
		9E2F9D332174253A00EBD217 /* libbps-suf.cpp */ = {isa = PBXFileReference; fileEncoding = 4; lastKnownFileType = sourcecode.cpp.cpp; path = "libbps-suf.cpp"; sourceTree = "<group>"; };
		9E2F9D342174253A00EBD217 /* COPYING */ = {isa = PBXFileReference; fileEncoding = 4; lastKnownFileType = text; path = COPYING; sourceTree = "<group>"; };
		9E2F9D392174253A00EBD217 /* .gitignore */ = {isa = PBXFileReference; fileEncoding = 4; lastKnownFileType = text; path = .gitignore; sourceTree = "<group>"; };
		9E2F9D3C2174253A00EBD217 /* configure.ac */ = {isa = PBXFileReference; fileEncoding = 4; lastKnownFileType = text; path = configure.ac; sourceTree = "<group>"; };
		9E2F9D3E2174253A00EBD217 /* libdivsufsort.pc.cmake */ = {isa = PBXFileReference; fileEncoding = 4; lastKnownFileType = text; path = libdivsufsort.pc.cmake; sourceTree = "<group>"; };
		9E2F9D3F2174253A00EBD217 /* CMakeLists.txt */ = {isa = PBXFileReference; fileEncoding = 4; lastKnownFileType = text; path = CMakeLists.txt; sourceTree = "<group>"; };
		9E2F9D402174253A00EBD217 /* INSTALL */ = {isa = PBXFileReference; fileEncoding = 4; lastKnownFileType = text; path = INSTALL; sourceTree = "<group>"; };
		9E2F9D412174253A00EBD217 /* CMakeLists.txt */ = {isa = PBXFileReference; fileEncoding = 4; lastKnownFileType = text; path = CMakeLists.txt; sourceTree = "<group>"; };
		9E2F9D422174253A00EBD217 /* configure */ = {isa = PBXFileReference; fileEncoding = 4; lastKnownFileType = text.script.sh; path = configure; sourceTree = "<group>"; };
		9E2F9D432174253A00EBD217 /* ChangeLog */ = {isa = PBXFileReference; fileEncoding = 4; lastKnownFileType = text; path = ChangeLog; sourceTree = "<group>"; };
		9E2F9D452174253A00EBD217 /* install-sh */ = {isa = PBXFileReference; fileEncoding = 4; lastKnownFileType = text.script.sh; path = "install-sh"; sourceTree = "<group>"; };
		9E2F9D462174253A00EBD217 /* ltmain.sh */ = {isa = PBXFileReference; fileEncoding = 4; lastKnownFileType = text.script.sh; path = ltmain.sh; sourceTree = "<group>"; };
		9E2F9D472174253A00EBD217 /* config.guess */ = {isa = PBXFileReference; fileEncoding = 4; lastKnownFileType = text.script.sh; path = config.guess; sourceTree = "<group>"; };
		9E2F9D482174253A00EBD217 /* depcomp */ = {isa = PBXFileReference; fileEncoding = 4; lastKnownFileType = text.script.sh; path = depcomp; sourceTree = "<group>"; };
		9E2F9D492174253A00EBD217 /* missing */ = {isa = PBXFileReference; fileEncoding = 4; lastKnownFileType = text.script.sh; path = missing; sourceTree = "<group>"; };
		9E2F9D4A2174253A00EBD217 /* config.sub */ = {isa = PBXFileReference; fileEncoding = 4; lastKnownFileType = text.script.sh; path = config.sub; sourceTree = "<group>"; };
		9E2F9D4B2174253A00EBD217 /* AUTHORS */ = {isa = PBXFileReference; fileEncoding = 4; lastKnownFileType = text; path = AUTHORS; sourceTree = "<group>"; };
		9E2F9D4E2174253A00EBD217 /* CMakeLists.txt */ = {isa = PBXFileReference; fileEncoding = 4; lastKnownFileType = text; path = CMakeLists.txt; sourceTree = "<group>"; };
		9E2F9D4F2174253A00EBD217 /* config.h */ = {isa = PBXFileReference; fileEncoding = 4; lastKnownFileType = sourcecode.c.h; path = config.h; sourceTree = "<group>"; };
		9E2F9D512174253A00EBD217 /* divsufsort.h.cmake */ = {isa = PBXFileReference; fileEncoding = 4; lastKnownFileType = text; path = divsufsort.h.cmake; sourceTree = "<group>"; };
		9E2F9D532174253A00EBD217 /* divsufsort64.h.in */ = {isa = PBXFileReference; fileEncoding = 4; lastKnownFileType = text; path = divsufsort64.h.in; sourceTree = "<group>"; };
		9E2F9D542174253A00EBD217 /* config.h.in */ = {isa = PBXFileReference; fileEncoding = 4; lastKnownFileType = text; path = config.h.in; sourceTree = "<group>"; };
		9E2F9D552174253A00EBD217 /* config.h.cmake */ = {isa = PBXFileReference; fileEncoding = 4; lastKnownFileType = text; path = config.h.cmake; sourceTree = "<group>"; };
		9E2F9D562174253A00EBD217 /* Makefile.am */ = {isa = PBXFileReference; fileEncoding = 4; lastKnownFileType = text; path = Makefile.am; sourceTree = "<group>"; };
		9E2F9D582174253A00EBD217 /* lfs.h.cmake */ = {isa = PBXFileReference; fileEncoding = 4; lastKnownFileType = text; path = lfs.h.cmake; sourceTree = "<group>"; };
		9E2F9D592174253A00EBD217 /* divsufsort_private.h */ = {isa = PBXFileReference; fileEncoding = 4; lastKnownFileType = sourcecode.c.h; path = divsufsort_private.h; sourceTree = "<group>"; };
		9E2F9D5A2174253A00EBD217 /* Makefile.in */ = {isa = PBXFileReference; fileEncoding = 4; lastKnownFileType = text; path = Makefile.in; sourceTree = "<group>"; };
		9E2F9D5B2174253A00EBD217 /* divsufsort.h */ = {isa = PBXFileReference; fileEncoding = 4; lastKnownFileType = sourcecode.c.h; path = divsufsort.h; sourceTree = "<group>"; };
		9E2F9D5C2174253A00EBD217 /* README */ = {isa = PBXFileReference; fileEncoding = 4; lastKnownFileType = text; path = README; sourceTree = "<group>"; };
		9E2F9D5D2174253A00EBD217 /* Makefile.am */ = {isa = PBXFileReference; fileEncoding = 4; lastKnownFileType = text; path = Makefile.am; sourceTree = "<group>"; };
		9E2F9D5F2174253A00EBD217 /* COPYING */ = {isa = PBXFileReference; fileEncoding = 4; lastKnownFileType = text; path = COPYING; sourceTree = "<group>"; };
		9E2F9D602174253A00EBD217 /* NEWS */ = {isa = PBXFileReference; fileEncoding = 4; lastKnownFileType = text; path = NEWS; sourceTree = "<group>"; };
		9E2F9D612174253A00EBD217 /* VERSION */ = {isa = PBXFileReference; fileEncoding = 4; lastKnownFileType = text; path = VERSION; sourceTree = "<group>"; };
		9E2F9D732174253A00EBD217 /* CMakeLists.txt */ = {isa = PBXFileReference; fileEncoding = 4; lastKnownFileType = text; path = CMakeLists.txt; sourceTree = "<group>"; };
		9E2F9D752174253A00EBD217 /* libdivsufsort.sym */ = {isa = PBXFileReference; fileEncoding = 4; lastKnownFileType = text; path = libdivsufsort.sym; sourceTree = "<group>"; };
		9E2F9D762174253A00EBD217 /* trsort.c */ = {isa = PBXFileReference; fileEncoding = 4; lastKnownFileType = sourcecode.c.c; path = trsort.c; sourceTree = "<group>"; };
		9E2F9D772174253A00EBD217 /* divsufsort.c */ = {isa = PBXFileReference; fileEncoding = 4; lastKnownFileType = sourcecode.c.c; path = divsufsort.c; sourceTree = "<group>"; };
		9E2F9D782174253A00EBD217 /* Makefile.am */ = {isa = PBXFileReference; fileEncoding = 4; lastKnownFileType = text; path = Makefile.am; sourceTree = "<group>"; };
		9E2F9D792174253A00EBD217 /* utils.c */ = {isa = PBXFileReference; fileEncoding = 4; lastKnownFileType = sourcecode.c.c; path = utils.c; sourceTree = "<group>"; };
		9E2F9D7A2174253A00EBD217 /* libdivsufsort64.sym */ = {isa = PBXFileReference; fileEncoding = 4; lastKnownFileType = text; path = libdivsufsort64.sym; sourceTree = "<group>"; };
		9E2F9D842174253A00EBD217 /* Makefile.in */ = {isa = PBXFileReference; fileEncoding = 4; lastKnownFileType = text; path = Makefile.in; sourceTree = "<group>"; };
		9E2F9D852174253A00EBD217 /* sssort.c */ = {isa = PBXFileReference; fileEncoding = 4; lastKnownFileType = sourcecode.c.c; path = sssort.c; sourceTree = "<group>"; };
		9E2F9D942174253A00EBD217 /* Makefile.in */ = {isa = PBXFileReference; fileEncoding = 4; lastKnownFileType = text; path = Makefile.in; sourceTree = "<group>"; };
		9E2F9D952174253A00EBD217 /* aclocal.m4 */ = {isa = PBXFileReference; fileEncoding = 4; lastKnownFileType = text; path = aclocal.m4; sourceTree = "<group>"; };
		9E2F9D962174253A00EBD217 /* ChangeLog.old */ = {isa = PBXFileReference; fileEncoding = 4; lastKnownFileType = text; path = ChangeLog.old; sourceTree = "<group>"; };
		9E2F9D972174253A00EBD217 /* libips.h */ = {isa = PBXFileReference; fileEncoding = 4; lastKnownFileType = sourcecode.c.h; path = libips.h; sourceTree = "<group>"; };
		9E2F9D982174253A00EBD217 /* COPYING.gpl3 */ = {isa = PBXFileReference; fileEncoding = 4; lastKnownFileType = text; path = COPYING.gpl3; sourceTree = "<group>"; };
		9E2F9D9E2174253A00EBD217 /* crc32.h */ = {isa = PBXFileReference; fileEncoding = 4; lastKnownFileType = sourcecode.c.h; path = crc32.h; sourceTree = "<group>"; };
		9E2F9D9F2174253A00EBD217 /* divsufsort.h */ = {isa = PBXFileReference; fileEncoding = 4; lastKnownFileType = sourcecode.c.h; path = divsufsort.h; sourceTree = "<group>"; };
		9E2F9DA02174253A00EBD217 /* bps.ico */ = {isa = PBXFileReference; lastKnownFileType = image.ico; path = bps.ico; sourceTree = "<group>"; };
		9E2F9DA12174253A00EBD217 /* flips.h */ = {isa = PBXFileReference; fileEncoding = 4; lastKnownFileType = sourcecode.c.h; path = flips.h; sourceTree = "<group>"; };
		9E2F9DA22174253A00EBD217 /* flips-gtk.cpp */ = {isa = PBXFileReference; fileEncoding = 4; lastKnownFileType = sourcecode.cpp.cpp; path = "flips-gtk.cpp"; sourceTree = "<group>"; };
		9E2F9DA32174253A00EBD217 /* libbps.cpp */ = {isa = PBXFileReference; fileEncoding = 4; lastKnownFileType = sourcecode.cpp.cpp; path = libbps.cpp; sourceTree = "<group>"; };
		9E2F9DA42174253A00EBD217 /* flips-cli.cpp */ = {isa = PBXFileReference; fileEncoding = 4; lastKnownFileType = sourcecode.cpp.cpp; path = "flips-cli.cpp"; sourceTree = "<group>"; };
		9E2F9E1121742EC900EBD217 /* flips-support.cpp */ = {isa = PBXFileReference; lastKnownFileType = sourcecode.cpp.cpp; path = "flips-support.cpp"; sourceTree = "<group>"; };
		9E344FC821BDF59E009AA80A /* RUPAdapter.h */ = {isa = PBXFileReference; lastKnownFileType = sourcecode.c.h; path = RUPAdapter.h; sourceTree = "<group>"; };
		9E344FC921BDF59E009AA80A /* RUPAdapter.m */ = {isa = PBXFileReference; lastKnownFileType = sourcecode.c.objc; path = RUPAdapter.m; sourceTree = "<group>"; };
		9E72A22A25E49FD600D48E37 /* makeppf3_linux.c */ = {isa = PBXFileReference; fileEncoding = 4; lastKnownFileType = sourcecode.c.c; path = makeppf3_linux.c; sourceTree = "<group>"; };
		9E72A22B25E49FD600D48E37 /* applyppf3_linux.c */ = {isa = PBXFileReference; fileEncoding = 4; lastKnownFileType = sourcecode.c.c; path = applyppf3_linux.c; sourceTree = "<group>"; };
		9E72A23225E4A1E400D48E37 /* ppf3.h */ = {isa = PBXFileReference; lastKnownFileType = sourcecode.c.h; path = ppf3.h; sourceTree = "<group>"; };
		9E72A23525E4A23600D48E37 /* PPFAdapter.h */ = {isa = PBXFileReference; lastKnownFileType = sourcecode.c.h; path = PPFAdapter.h; sourceTree = "<group>"; };
		9E72A23625E4A23600D48E37 /* PPFAdapter.m */ = {isa = PBXFileReference; lastKnownFileType = sourcecode.c.objc; path = PPFAdapter.m; sourceTree = "<group>"; };
		9EAEB1D411E1767B006CF92A /* bandages.icns */ = {isa = PBXFileReference; lastKnownFileType = image.icns; path = bandages.icns; sourceTree = "<group>"; };
		9EBBF6C81EA06D2C00EF26A3 /* MPFileTextField.h */ = {isa = PBXFileReference; fileEncoding = 4; lastKnownFileType = sourcecode.c.h; path = MPFileTextField.h; sourceTree = "<group>"; };
		9EBBF6C91EA06D2C00EF26A3 /* MPFileTextField.m */ = {isa = PBXFileReference; fileEncoding = 4; lastKnownFileType = sourcecode.c.objc; path = MPFileTextField.m; sourceTree = "<group>"; };
		9ED6066C126D30DC004782CA /* bsdiff.c */ = {isa = PBXFileReference; fileEncoding = 4; lastKnownFileType = sourcecode.c.c; name = bsdiff.c; path = bsdiff/bsdiff.c; sourceTree = "<group>"; };
		9ED6066D126D30DC004782CA /* bspatch.c */ = {isa = PBXFileReference; fileEncoding = 4; lastKnownFileType = sourcecode.c.c; name = bspatch.c; path = bsdiff/bspatch.c; sourceTree = "<group>"; };
		9ED60670126D370C004782CA /* BSdiffAdapter.h */ = {isa = PBXFileReference; fileEncoding = 4; lastKnownFileType = sourcecode.c.h; name = BSdiffAdapter.h; path = bsdiff/BSdiffAdapter.h; sourceTree = "<group>"; };
		9ED60671126D370C004782CA /* BSdiffAdapter.m */ = {isa = PBXFileReference; fileEncoding = 4; lastKnownFileType = sourcecode.c.objc; name = BSdiffAdapter.m; path = bsdiff/BSdiffAdapter.m; sourceTree = "<group>"; };
		9EDB5E2721ACE75A0028764B /* MPPatchResult.h */ = {isa = PBXFileReference; lastKnownFileType = sourcecode.c.h; path = MPPatchResult.h; sourceTree = "<group>"; };
		9EDB5E2821ACE75A0028764B /* MPPatchResult.m */ = {isa = PBXFileReference; lastKnownFileType = sourcecode.c.objc; path = MPPatchResult.m; sourceTree = "<group>"; };
		9EEA30B411E03F75005B6996 /* MultiPatch.app */ = {isa = PBXFileReference; explicitFileType = wrapper.application; includeInIndex = 0; path = MultiPatch.app; sourceTree = BUILT_PRODUCTS_DIR; };
		9EEA30EF11E041B8005B6996 /* xdelta3.c */ = {isa = PBXFileReference; fileEncoding = 4; lastKnownFileType = sourcecode.c.c; name = xdelta3.c; path = xdelta/xdelta3.c; sourceTree = "<group>"; };
		9EEA30F011E041B8005B6996 /* xdelta3.h */ = {isa = PBXFileReference; fileEncoding = 4; lastKnownFileType = sourcecode.c.h; name = xdelta3.h; path = xdelta/xdelta3.h; sourceTree = "<group>"; };
		9EEA311611E0473E005B6996 /* xdelta3-main.h */ = {isa = PBXFileReference; fileEncoding = 4; lastKnownFileType = sourcecode.c.h; name = "xdelta3-main.h"; path = "xdelta/xdelta3-main.h"; sourceTree = "<group>"; };
		9EEA312111E04776005B6996 /* xdelta3-decode.h */ = {isa = PBXFileReference; fileEncoding = 4; lastKnownFileType = sourcecode.c.h; name = "xdelta3-decode.h"; path = "xdelta/xdelta3-decode.h"; sourceTree = "<group>"; };
		9EEA312711E04795005B6996 /* xdelta3-hash.h */ = {isa = PBXFileReference; fileEncoding = 4; lastKnownFileType = sourcecode.c.h; name = "xdelta3-hash.h"; path = "xdelta/xdelta3-hash.h"; sourceTree = "<group>"; };
		9EEA313F11E04933005B6996 /* xdelta3-cfgs.h */ = {isa = PBXFileReference; fileEncoding = 4; lastKnownFileType = sourcecode.c.h; name = "xdelta3-cfgs.h"; path = "xdelta/xdelta3-cfgs.h"; sourceTree = "<group>"; };
		9EEA314011E04933005B6996 /* xdelta3-djw.h */ = {isa = PBXFileReference; fileEncoding = 4; lastKnownFileType = sourcecode.c.h; name = "xdelta3-djw.h"; path = "xdelta/xdelta3-djw.h"; sourceTree = "<group>"; };
		9EEA314111E04933005B6996 /* xdelta3-fgk.h */ = {isa = PBXFileReference; fileEncoding = 4; lastKnownFileType = sourcecode.c.h; name = "xdelta3-fgk.h"; path = "xdelta/xdelta3-fgk.h"; sourceTree = "<group>"; };
		9EEA314211E04933005B6996 /* xdelta3-list.h */ = {isa = PBXFileReference; fileEncoding = 4; lastKnownFileType = sourcecode.c.h; name = "xdelta3-list.h"; path = "xdelta/xdelta3-list.h"; sourceTree = "<group>"; };
		9EEA314311E04933005B6996 /* xdelta3-merge.h */ = {isa = PBXFileReference; fileEncoding = 4; lastKnownFileType = sourcecode.c.h; name = "xdelta3-merge.h"; path = "xdelta/xdelta3-merge.h"; sourceTree = "<group>"; };
		9EEA314411E04933005B6996 /* xdelta3-python.h */ = {isa = PBXFileReference; fileEncoding = 4; lastKnownFileType = sourcecode.c.h; name = "xdelta3-python.h"; path = "xdelta/xdelta3-python.h"; sourceTree = "<group>"; };
		9EEA314511E04933005B6996 /* xdelta3-second.h */ = {isa = PBXFileReference; fileEncoding = 4; lastKnownFileType = sourcecode.c.h; name = "xdelta3-second.h"; path = "xdelta/xdelta3-second.h"; sourceTree = "<group>"; };
		9EEA314611E04933005B6996 /* xdelta3-test.h */ = {isa = PBXFileReference; fileEncoding = 4; lastKnownFileType = sourcecode.c.h; name = "xdelta3-test.h"; path = "xdelta/xdelta3-test.h"; sourceTree = "<group>"; };
		9EFA6CE411E153B500CBE19A /* XDeltaAdapter.h */ = {isa = PBXFileReference; fileEncoding = 4; lastKnownFileType = sourcecode.c.h; path = XDeltaAdapter.h; sourceTree = "<group>"; };
		9EFA6CE511E153B500CBE19A /* XDeltaAdapter.m */ = {isa = PBXFileReference; fileEncoding = 4; lastKnownFileType = sourcecode.c.objc; path = XDeltaAdapter.m; sourceTree = "<group>"; };
		9EFB026B256D6C1C00B583D0 /* Base */ = {isa = PBXFileReference; lastKnownFileType = file.xib; name = Base; path = Base.lproj/MainMenu.xib; sourceTree = "<group>"; };
		9EFB026C256D6C1E00B583D0 /* en */ = {isa = PBXFileReference; fileEncoding = 4; lastKnownFileType = text.plist.strings; name = en; path = en.lproj/InfoPlist.strings; sourceTree = "<group>"; };
		9EFB0277256D7BFD00B583D0 /* cmdMultiPatch */ = {isa = PBXFileReference; explicitFileType = "compiled.mach-o.executable"; includeInIndex = 0; path = cmdMultiPatch; sourceTree = BUILT_PRODUCTS_DIR; };
		9EFB0279256D7BFD00B583D0 /* main.m */ = {isa = PBXFileReference; lastKnownFileType = sourcecode.c.objc; path = main.m; sourceTree = "<group>"; };
		9EFB02C7256D7F5800B583D0 /* MPSettings.h */ = {isa = PBXFileReference; lastKnownFileType = sourcecode.c.h; path = MPSettings.h; sourceTree = "<group>"; };
		9EFB02C8256D7F5800B583D0 /* MPSettings.m */ = {isa = PBXFileReference; lastKnownFileType = sourcecode.c.objc; path = MPSettings.m; sourceTree = "<group>"; };
		9EFBC84A21B8DEB60005DCA6 /* md5.c */ = {isa = PBXFileReference; fileEncoding = 4; lastKnownFileType = sourcecode.c.c; path = md5.c; sourceTree = "<group>"; };
		9EFBC84B21B8DEB60005DCA6 /* md5.h */ = {isa = PBXFileReference; fileEncoding = 4; lastKnownFileType = sourcecode.c.h; path = md5.h; sourceTree = "<group>"; };
/* End PBXFileReference section */

/* Begin PBXFrameworksBuildPhase section */
		8D11072E0486CEB800E47090 /* Frameworks */ = {
			isa = PBXFrameworksBuildPhase;
			buildActionMask = 2147483647;
			files = (
				9E2701CE1C31C64200F50B1F /* QuartzCore.framework in Frameworks */,
				8D11072F0486CEB800E47090 /* Cocoa.framework in Frameworks */,
			);
			runOnlyForDeploymentPostprocessing = 0;
		};
		9EFB0274256D7BFD00B583D0 /* Frameworks */ = {
			isa = PBXFrameworksBuildPhase;
			buildActionMask = 2147483647;
			files = (
			);
			runOnlyForDeploymentPostprocessing = 0;
		};
/* End PBXFrameworksBuildPhase section */

/* Begin PBXGroup section */
		1058C7A0FEA54F0111CA2CBB /* Linked Frameworks */ = {
			isa = PBXGroup;
			children = (
				1058C7A1FEA54F0111CA2CBB /* Cocoa.framework */,
			);
			name = "Linked Frameworks";
			sourceTree = "<group>";
		};
		1058C7A2FEA54F0111CA2CBB /* Other Frameworks */ = {
			isa = PBXGroup;
			children = (
				29B97324FDCFA39411CA2CEA /* AppKit.framework */,
				13E42FB307B3F0F600E4EEF1 /* CoreData.framework */,
				29B97325FDCFA39411CA2CEA /* Foundation.framework */,
			);
			name = "Other Frameworks";
			sourceTree = "<group>";
		};
		29B97314FDCFA39411CA2CEA /* Mother3UPS */ = {
			isa = PBXGroup;
			children = (
				9E72A22925E49FD600D48E37 /* ppfdev */,
				9E16BDCC21B3938E007FBC85 /* librup */,
				9E2F9D212174253A00EBD217 /* flips */,
				9E2F9D1521740CB200EBD217 /* adapters */,
				9ED6066B126D30BB004782CA /* bsdiff */,
				9EEA30EE11E0418A005B6996 /* xdelta */,
				29B97315FDCFA39411CA2CEA /* Other Sources */,
				29B97317FDCFA39411CA2CEA /* Resources */,
				9E0351C20E9D8B570043AC3E /* MPPatchWindow.h */,
				9E0351C10E9D8B570043AC3E /* MPPatchWindow.mm */,
				9E17AB9D120F9E9800BA4827 /* MPCreationWindow.h */,
				9E17AB9E120F9E9800BA4827 /* MPCreationWindow.mm */,
				9E2701CA1C31C59000F50B1F /* mbFlipWindow.h */,
				9E2701CB1C31C59000F50B1F /* mbFlipWindow.m */,
				9EBBF6C81EA06D2C00EF26A3 /* MPFileTextField.h */,
				9EBBF6C91EA06D2C00EF26A3 /* MPFileTextField.m */,
				9EDB5E2721ACE75A0028764B /* MPPatchResult.h */,
				9EDB5E2821ACE75A0028764B /* MPPatchResult.m */,
				9E2C4ADF21B3479300D74816 /* MultiPatchController.h */,
				9E2C4AE021B3479300D74816 /* MultiPatchController.m */,
				9EFB02C7256D7F5800B583D0 /* MPSettings.h */,
				9EFB02C8256D7F5800B583D0 /* MPSettings.m */,
				9EFB0278256D7BFD00B583D0 /* cmdMultiPatch */,
				29B97323FDCFA39411CA2CEA /* Frameworks */,
				9EEA30B511E03F75005B6996 /* Products */,
			);
			name = Mother3UPS;
			sourceTree = "<group>";
		};
		29B97315FDCFA39411CA2CEA /* Other Sources */ = {
			isa = PBXGroup;
			children = (
				32CA4F630368D1EE00C91783 /* MultiPatch_Prefix.pch */,
				29B97316FDCFA39411CA2CEA /* main.m */,
			);
			name = "Other Sources";
			sourceTree = "<group>";
		};
		29B97317FDCFA39411CA2CEA /* Resources */ = {
			isa = PBXGroup;
			children = (
				9EAEB1D411E1767B006CF92A /* bandages.icns */,
				8D1107310486CEB800E47090 /* Info.plist */,
				089C165CFE840E0CC02AAC07 /* InfoPlist.strings */,
				1DDD58140DA1D0A300B32029 /* MainMenu.xib */,
			);
			name = Resources;
			sourceTree = "<group>";
		};
		29B97323FDCFA39411CA2CEA /* Frameworks */ = {
			isa = PBXGroup;
			children = (
				9E2701CD1C31C64200F50B1F /* QuartzCore.framework */,
				9E2701C81C31C16B00F50B1F /* CoreImage.framework */,
				1058C7A0FEA54F0111CA2CBB /* Linked Frameworks */,
				1058C7A2FEA54F0111CA2CBB /* Other Frameworks */,
			);
			name = Frameworks;
			sourceTree = "<group>";
		};
		9E16BDCC21B3938E007FBC85 /* librup */ = {
			isa = PBXGroup;
			children = (
				9EFBC84B21B8DEB60005DCA6 /* md5.h */,
				9EFBC84A21B8DEB60005DCA6 /* md5.c */,
				9E16BDCD21B39633007FBC85 /* librup.h */,
				9E16BDCE21B39633007FBC85 /* librup.c */,
			);
			path = librup;
			sourceTree = "<group>";
		};
		9E2F9D1521740CB200EBD217 /* adapters */ = {
			isa = PBXGroup;
			children = (
				9E2F9D1721740CB200EBD217 /* IPSAdapter.h */,
				9E2F9D1621740CB200EBD217 /* IPSAdapter.mm */,
				9E2F9D1921740D6200EBD217 /* BPSAdapter.h */,
				9E2F9D1A21740D6200EBD217 /* BPSAdapter.mm */,
				9E2F9D1C21740D9F00EBD217 /* UPSAdapter.h */,
				9E2F9D1D21740D9F00EBD217 /* UPSAdapter.mm */,
				9E2F9E1121742EC900EBD217 /* flips-support.cpp */,
				9E344FC821BDF59E009AA80A /* RUPAdapter.h */,
				9E344FC921BDF59E009AA80A /* RUPAdapter.m */,
				9E72A23525E4A23600D48E37 /* PPFAdapter.h */,
				9E72A23625E4A23600D48E37 /* PPFAdapter.m */,
			);
			path = adapters;
			sourceTree = "<group>";
		};
		9E2F9D212174253A00EBD217 /* flips */ = {
			isa = PBXGroup;
			children = (
				9E2F9D392174253A00EBD217 /* .gitignore */,
				9E2F9DA02174253A00EBD217 /* bps.ico */,
				9E2F9D342174253A00EBD217 /* COPYING */,
				9E2F9D982174253A00EBD217 /* COPYING.gpl3 */,
				9E2F9D2D2174253A00EBD217 /* crc32.cpp */,
				9E2F9D9E2174253A00EBD217 /* crc32.h */,
				9E2F9D302174253A00EBD217 /* divsufsort.c */,
				9E2F9D9F2174253A00EBD217 /* divsufsort.h */,
				9E2F9DA42174253A00EBD217 /* flips-cli.cpp */,
				9E2F9DA22174253A00EBD217 /* flips-gtk.cpp */,
				9E2F9D282174253A00EBD217 /* flips-w32.cpp */,
				9E2F9D222174253A00EBD217 /* flips.cpp */,
				9E2F9DA12174253A00EBD217 /* flips.h */,
				9E2F9D2C2174253A00EBD217 /* flips.ico */,
				9E2F9D232174253A00EBD217 /* flips.Manifest */,
				9E2F9D292174253A00EBD217 /* flips.rc */,
				9E2F9D2A2174253A00EBD217 /* global.h */,
				9E2F9D2E2174253A00EBD217 /* ips.ico */,
				9E2F9D332174253A00EBD217 /* libbps-suf.cpp */,
				9E2F9DA32174253A00EBD217 /* libbps.cpp */,
				9E2F9D252174253A00EBD217 /* libbps.h */,
				9E2F9D3A2174253A00EBD217 /* libdivsufsort-2.0.1 */,
				9E2F9D2F2174253A00EBD217 /* libips.cpp */,
				9E2F9D972174253A00EBD217 /* libips.h */,
				9E2F9D242174253A00EBD217 /* libups.cpp */,
				9E2F9D262174253A00EBD217 /* libups.h */,
				9E2F9D272174253A00EBD217 /* make.sh */,
				9E2F9D2B2174253A00EBD217 /* Makefile */,
				9E2F9D322174253A00EBD217 /* README.md */,
				9E2F9D312174253A00EBD217 /* special.sh */,
			);
			path = flips;
			sourceTree = "<group>";
		};
		9E2F9D3A2174253A00EBD217 /* libdivsufsort-2.0.1 */ = {
			isa = PBXGroup;
			children = (
				9E2F9D3C2174253A00EBD217 /* configure.ac */,
				9E2F9D3D2174253A00EBD217 /* pkgconfig */,
				9E2F9D402174253A00EBD217 /* INSTALL */,
				9E2F9D412174253A00EBD217 /* CMakeLists.txt */,
				9E2F9D422174253A00EBD217 /* configure */,
				9E2F9D432174253A00EBD217 /* ChangeLog */,
				9E2F9D442174253A00EBD217 /* config */,
				9E2F9D4B2174253A00EBD217 /* AUTHORS */,
				9E2F9D4D2174253A00EBD217 /* include */,
				9E2F9D5C2174253A00EBD217 /* README */,
				9E2F9D5D2174253A00EBD217 /* Makefile.am */,
				9E2F9D5F2174253A00EBD217 /* COPYING */,
				9E2F9D602174253A00EBD217 /* NEWS */,
				9E2F9D612174253A00EBD217 /* VERSION */,
				9E2F9D722174253A00EBD217 /* lib */,
				9E2F9D942174253A00EBD217 /* Makefile.in */,
				9E2F9D952174253A00EBD217 /* aclocal.m4 */,
				9E2F9D962174253A00EBD217 /* ChangeLog.old */,
			);
			path = "libdivsufsort-2.0.1";
			sourceTree = "<group>";
		};
		9E2F9D3D2174253A00EBD217 /* pkgconfig */ = {
			isa = PBXGroup;
			children = (
				9E2F9D3E2174253A00EBD217 /* libdivsufsort.pc.cmake */,
				9E2F9D3F2174253A00EBD217 /* CMakeLists.txt */,
			);
			path = pkgconfig;
			sourceTree = "<group>";
		};
		9E2F9D442174253A00EBD217 /* config */ = {
			isa = PBXGroup;
			children = (
				9E2F9D452174253A00EBD217 /* install-sh */,
				9E2F9D462174253A00EBD217 /* ltmain.sh */,
				9E2F9D472174253A00EBD217 /* config.guess */,
				9E2F9D482174253A00EBD217 /* depcomp */,
				9E2F9D492174253A00EBD217 /* missing */,
				9E2F9D4A2174253A00EBD217 /* config.sub */,
			);
			path = config;
			sourceTree = "<group>";
		};
		9E2F9D4D2174253A00EBD217 /* include */ = {
			isa = PBXGroup;
			children = (
				9E2F9D4E2174253A00EBD217 /* CMakeLists.txt */,
				9E2F9D4F2174253A00EBD217 /* config.h */,
				9E2F9D512174253A00EBD217 /* divsufsort.h.cmake */,
				9E2F9D532174253A00EBD217 /* divsufsort64.h.in */,
				9E2F9D542174253A00EBD217 /* config.h.in */,
				9E2F9D552174253A00EBD217 /* config.h.cmake */,
				9E2F9D562174253A00EBD217 /* Makefile.am */,
				9E2F9D582174253A00EBD217 /* lfs.h.cmake */,
				9E2F9D592174253A00EBD217 /* divsufsort_private.h */,
				9E2F9D5A2174253A00EBD217 /* Makefile.in */,
				9E2F9D5B2174253A00EBD217 /* divsufsort.h */,
			);
			path = include;
			sourceTree = "<group>";
		};
		9E2F9D722174253A00EBD217 /* lib */ = {
			isa = PBXGroup;
			children = (
				9E2F9D732174253A00EBD217 /* CMakeLists.txt */,
				9E2F9D752174253A00EBD217 /* libdivsufsort.sym */,
				9E2F9D762174253A00EBD217 /* trsort.c */,
				9E2F9D772174253A00EBD217 /* divsufsort.c */,
				9E2F9D782174253A00EBD217 /* Makefile.am */,
				9E2F9D792174253A00EBD217 /* utils.c */,
				9E2F9D7A2174253A00EBD217 /* libdivsufsort64.sym */,
				9E2F9D842174253A00EBD217 /* Makefile.in */,
				9E2F9D852174253A00EBD217 /* sssort.c */,
			);
			path = lib;
			sourceTree = "<group>";
		};
		9E72A22925E49FD600D48E37 /* ppfdev */ = {
			isa = PBXGroup;
			children = (
				9E72A22A25E49FD600D48E37 /* makeppf3_linux.c */,
				9E72A22B25E49FD600D48E37 /* applyppf3_linux.c */,
				9E72A23225E4A1E400D48E37 /* ppf3.h */,
			);
			path = ppfdev;
			sourceTree = "<group>";
		};
		9ED6066B126D30BB004782CA /* bsdiff */ = {
			isa = PBXGroup;
			children = (
				9ED60670126D370C004782CA /* BSdiffAdapter.h */,
				9ED60671126D370C004782CA /* BSdiffAdapter.m */,
				9ED6066C126D30DC004782CA /* bsdiff.c */,
				9ED6066D126D30DC004782CA /* bspatch.c */,
			);
			name = bsdiff;
			sourceTree = "<group>";
		};
		9EEA30B511E03F75005B6996 /* Products */ = {
			isa = PBXGroup;
			children = (
				9EEA30B411E03F75005B6996 /* MultiPatch.app */,
				9EFB0277256D7BFD00B583D0 /* cmdMultiPatch */,
			);
			name = Products;
			sourceTree = "<group>";
		};
		9EEA30EE11E0418A005B6996 /* xdelta */ = {
			isa = PBXGroup;
			children = (
				9EEA313F11E04933005B6996 /* xdelta3-cfgs.h */,
				9EEA314011E04933005B6996 /* xdelta3-djw.h */,
				9EEA314111E04933005B6996 /* xdelta3-fgk.h */,
				9EEA314211E04933005B6996 /* xdelta3-list.h */,
				9EEA314311E04933005B6996 /* xdelta3-merge.h */,
				9EEA314411E04933005B6996 /* xdelta3-python.h */,
				9EEA314511E04933005B6996 /* xdelta3-second.h */,
				9EEA314611E04933005B6996 /* xdelta3-test.h */,
				9EEA312711E04795005B6996 /* xdelta3-hash.h */,
				9EEA312111E04776005B6996 /* xdelta3-decode.h */,
				9EEA311611E0473E005B6996 /* xdelta3-main.h */,
				9EEA30EF11E041B8005B6996 /* xdelta3.c */,
				9EEA30F011E041B8005B6996 /* xdelta3.h */,
				9EFA6CE411E153B500CBE19A /* XDeltaAdapter.h */,
				9EFA6CE511E153B500CBE19A /* XDeltaAdapter.m */,
			);
			name = xdelta;
			sourceTree = "<group>";
		};
		9EFB0278256D7BFD00B583D0 /* cmdMultiPatch */ = {
			isa = PBXGroup;
			children = (
				9EFB0279256D7BFD00B583D0 /* main.m */,
			);
			path = cmdMultiPatch;
			sourceTree = "<group>";
		};
/* End PBXGroup section */

/* Begin PBXNativeTarget section */
		8D1107260486CEB800E47090 /* MultiPatcher */ = {
			isa = PBXNativeTarget;
			buildConfigurationList = C01FCF4A08A954540054247B /* Build configuration list for PBXNativeTarget "MultiPatcher" */;
			buildPhases = (
				8D1107290486CEB800E47090 /* Resources */,
				8D11072C0486CEB800E47090 /* Sources */,
				8D11072E0486CEB800E47090 /* Frameworks */,
			);
			buildRules = (
			);
			dependencies = (
			);
			name = MultiPatcher;
			productInstallPath = "$(HOME)/Applications";
			productName = Mother3UPS;
			productReference = 9EEA30B411E03F75005B6996 /* MultiPatch.app */;
			productType = "com.apple.product-type.application";
		};
		9EFB0276256D7BFD00B583D0 /* cmdMultiPatch */ = {
			isa = PBXNativeTarget;
			buildConfigurationList = 9EFB027D256D7BFD00B583D0 /* Build configuration list for PBXNativeTarget "cmdMultiPatch" */;
			buildPhases = (
				9EFB0273256D7BFD00B583D0 /* Sources */,
				9EFB0274256D7BFD00B583D0 /* Frameworks */,
				9EFB0275256D7BFD00B583D0 /* CopyFiles */,
			);
			buildRules = (
			);
			dependencies = (
			);
			name = cmdMultiPatch;
			productName = cmdMultiPatch;
			productReference = 9EFB0277256D7BFD00B583D0 /* cmdMultiPatch */;
			productType = "com.apple.product-type.tool";
		};
/* End PBXNativeTarget section */

/* Begin PBXProject section */
		29B97313FDCFA39411CA2CEA /* Project object */ = {
			isa = PBXProject;
			attributes = {
				LastUpgradeCheck = 1240;
				TargetAttributes = {
					8D1107260486CEB800E47090 = {
						DevelopmentTeam = 436AD92E6J;
						ProvisioningStyle = Automatic;
					};
					9EFB0276256D7BFD00B583D0 = {
						CreatedOnToolsVersion = 12.2;
					};
				};
			};
			buildConfigurationList = C01FCF4E08A954540054247B /* Build configuration list for PBXProject "MultiPatch" */;
			compatibilityVersion = "Xcode 10.0";
			developmentRegion = en;
			hasScannedForEncodings = 1;
			knownRegions = (
				en,
				Base,
			);
			mainGroup = 29B97314FDCFA39411CA2CEA /* Mother3UPS */;
			productRefGroup = 9EEA30B511E03F75005B6996 /* Products */;
			projectDirPath = "";
			projectRoot = "";
			targets = (
				8D1107260486CEB800E47090 /* MultiPatcher */,
				9EFB0276256D7BFD00B583D0 /* cmdMultiPatch */,
			);
		};
/* End PBXProject section */

/* Begin PBXResourcesBuildPhase section */
		8D1107290486CEB800E47090 /* Resources */ = {
			isa = PBXResourcesBuildPhase;
			buildActionMask = 2147483647;
			files = (
				8D11072B0486CEB800E47090 /* InfoPlist.strings in Resources */,
				1DDD58160DA1D0A300B32029 /* MainMenu.xib in Resources */,
				9EAEB1D511E1767B006CF92A /* bandages.icns in Resources */,
			);
			runOnlyForDeploymentPostprocessing = 0;
		};
/* End PBXResourcesBuildPhase section */

/* Begin PBXSourcesBuildPhase section */
		8D11072C0486CEB800E47090 /* Sources */ = {
			isa = PBXSourcesBuildPhase;
			buildActionMask = 2147483647;
			files = (
				9EFBC84C21B8DEB60005DCA6 /* md5.c in Sources */,
				9E2F9D1E21740D9F00EBD217 /* UPSAdapter.mm in Sources */,
				8D11072D0486CEB800E47090 /* main.m in Sources */,
				9E0351C30E9D8B570043AC3E /* MPPatchWindow.mm in Sources */,
				9E2F9DAF2174253A00EBD217 /* libips.cpp in Sources */,
				9E2C4AE121B3479300D74816 /* MultiPatchController.m in Sources */,
				9EEA30F111E041B8005B6996 /* xdelta3.c in Sources */,
				9E2F9DB32174253A00EBD217 /* libbps-suf.cpp in Sources */,
				9E16BDCF21B39633007FBC85 /* librup.c in Sources */,
				9E2F9DB02174253A00EBD217 /* divsufsort.c in Sources */,
				9E2F9DA72174253A00EBD217 /* libups.cpp in Sources */,
				9E2F9D1B21740D6200EBD217 /* BPSAdapter.mm in Sources */,
				9EFA6CE611E153B500CBE19A /* XDeltaAdapter.m in Sources */,
				9E2F9E1221742EC900EBD217 /* flips-support.cpp in Sources */,
				9E72A22E25E49FD600D48E37 /* applyppf3_linux.c in Sources */,
				9EFB02C9256D7F5800B583D0 /* MPSettings.m in Sources */,
				9E72A22C25E49FD600D48E37 /* makeppf3_linux.c in Sources */,
				9E344FCA21BDF59E009AA80A /* RUPAdapter.m in Sources */,
				9E2F9DAD2174253A00EBD217 /* crc32.cpp in Sources */,
				9E17AB9F120F9E9800BA4827 /* MPCreationWindow.mm in Sources */,
				9E72A23725E4A23600D48E37 /* PPFAdapter.m in Sources */,
				9ED6066E126D30DC004782CA /* bsdiff.c in Sources */,
				9E2701CC1C31C59000F50B1F /* mbFlipWindow.m in Sources */,
				9E2F9D1821740CB200EBD217 /* IPSAdapter.mm in Sources */,
				9E2F9E0F2174253A00EBD217 /* libbps.cpp in Sources */,
				9E2F9DA52174253A00EBD217 /* flips.cpp in Sources */,
				9ED6066F126D30DC004782CA /* bspatch.c in Sources */,
				9ED60672126D370C004782CA /* BSdiffAdapter.m in Sources */,
				9EBBF6CA1EA06D2C00EF26A3 /* MPFileTextField.m in Sources */,
				9EDB5E2921ACE75A0028764B /* MPPatchResult.m in Sources */,
			);
			runOnlyForDeploymentPostprocessing = 0;
		};
		9EFB0273256D7BFD00B583D0 /* Sources */ = {
			isa = PBXSourcesBuildPhase;
			buildActionMask = 2147483647;
			files = (
				9E72A23825E4A23600D48E37 /* PPFAdapter.m in Sources */,
				9E72A22F25E49FD600D48E37 /* applyppf3_linux.c in Sources */,
				9EFB0286256D7D0C00B583D0 /* flips.cpp in Sources */,
				9EFB02CA256D7F5800B583D0 /* MPSettings.m in Sources */,
				9EFB0280256D7CFE00B583D0 /* md5.c in Sources */,
				9EFB0283256D7D0100B583D0 /* librup.c in Sources */,
				9EFB029E256D7D6A00B583D0 /* BPSAdapter.mm in Sources */,
				9EFB0289256D7D1500B583D0 /* crc32.cpp in Sources */,
				9EFB0295256D7D5800B583D0 /* libips.cpp in Sources */,
				9EFB02BC256D7D9A00B583D0 /* xdelta3.c in Sources */,
				9EFB028F256D7D2800B583D0 /* libbps-suf.cpp in Sources */,
				9E72A22D25E49FD600D48E37 /* makeppf3_linux.c in Sources */,
				9EFB0298256D7D5B00B583D0 /* libups.cpp in Sources */,
				9EFB02A7256D7D7400B583D0 /* RUPAdapter.m in Sources */,
				9EFB02AA256D7D7900B583D0 /* BSdiffAdapter.m in Sources */,
				9EFB02C4256D7E1500B583D0 /* MPPatchResult.m in Sources */,
				9EFB02A4256D7D7000B583D0 /* flips-support.cpp in Sources */,
				9EFB02B0256D7D7D00B583D0 /* bspatch.c in Sources */,
				9EFB02AD256D7D7B00B583D0 /* bsdiff.c in Sources */,
				9EFB02BF256D7D9C00B583D0 /* XDeltaAdapter.m in Sources */,
				9EFB02A1256D7D6C00B583D0 /* UPSAdapter.mm in Sources */,
				9EFB028C256D7D1800B583D0 /* divsufsort.c in Sources */,
				9EFB029B256D7D6700B583D0 /* IPSAdapter.mm in Sources */,
				9EFB027A256D7BFD00B583D0 /* main.m in Sources */,
				9EFB0292256D7D2B00B583D0 /* libbps.cpp in Sources */,
			);
			runOnlyForDeploymentPostprocessing = 0;
		};
/* End PBXSourcesBuildPhase section */

/* Begin PBXVariantGroup section */
		089C165CFE840E0CC02AAC07 /* InfoPlist.strings */ = {
			isa = PBXVariantGroup;
			children = (
				9EFB026C256D6C1E00B583D0 /* en */,
			);
			name = InfoPlist.strings;
			sourceTree = "<group>";
		};
		1DDD58140DA1D0A300B32029 /* MainMenu.xib */ = {
			isa = PBXVariantGroup;
			children = (
				9EFB026B256D6C1C00B583D0 /* Base */,
			);
			name = MainMenu.xib;
			sourceTree = "<group>";
		};
/* End PBXVariantGroup section */

/* Begin XCBuildConfiguration section */
		9EFB027B256D7BFD00B583D0 /* Debug */ = {
			isa = XCBuildConfiguration;
			buildSettings = {
				CLANG_ANALYZER_NONNULL = YES;
				CLANG_ANALYZER_NUMBER_OBJECT_CONVERSION = YES_AGGRESSIVE;
				CLANG_CXX_LANGUAGE_STANDARD = "gnu++14";
				CLANG_CXX_LIBRARY = "libc++";
				CLANG_ENABLE_MODULES = YES;
				CLANG_ENABLE_OBJC_ARC = YES;
				CLANG_ENABLE_OBJC_WEAK = YES;
				CLANG_WARN_DIRECT_OBJC_ISA_USAGE = YES_ERROR;
				CLANG_WARN_DOCUMENTATION_COMMENTS = YES;
				CLANG_WARN_OBJC_ROOT_CLASS = YES_ERROR;
				CLANG_WARN_UNGUARDED_AVAILABILITY = YES_AGGRESSIVE;
				CODE_SIGN_IDENTITY = "-";
				CODE_SIGN_STYLE = Automatic;
				COPY_PHASE_STRIP = NO;
				DEBUG_INFORMATION_FORMAT = dwarf;
				GCC_C_LANGUAGE_STANDARD = gnu11;
				GCC_DYNAMIC_NO_PIC = NO;
				GCC_PREPROCESSOR_DEFINITIONS = (
					"DEBUG=1",
					"$(inherited)",
				);
				GCC_WARN_ABOUT_RETURN_TYPE = YES_ERROR;
				GCC_WARN_UNINITIALIZED_AUTOS = YES_AGGRESSIVE;
				HEADER_SEARCH_PATHS = "$(PROJECT_DIR)";
				LIBRARY_SEARCH_PATHS = "$(PROJECT_DIR)/flips/libdivsufsort-2.0.1";
				MACOSX_DEPLOYMENT_TARGET = 10.9;
				MTL_ENABLE_DEBUG_INFO = INCLUDE_SOURCE;
				MTL_FAST_MATH = YES;
				PRODUCT_BUNDLE_IDENTIFIER = com.sappharad.MultiPatchCmd;
				PRODUCT_NAME = "$(TARGET_NAME)";
			};
			name = Debug;
		};
		9EFB027C256D7BFD00B583D0 /* Release */ = {
			isa = XCBuildConfiguration;
			buildSettings = {
				CLANG_ANALYZER_NONNULL = YES;
				CLANG_ANALYZER_NUMBER_OBJECT_CONVERSION = YES_AGGRESSIVE;
				CLANG_CXX_LANGUAGE_STANDARD = "gnu++14";
				CLANG_CXX_LIBRARY = "libc++";
				CLANG_ENABLE_MODULES = YES;
				CLANG_ENABLE_OBJC_ARC = YES;
				CLANG_ENABLE_OBJC_WEAK = YES;
				CLANG_WARN_DIRECT_OBJC_ISA_USAGE = YES_ERROR;
				CLANG_WARN_DOCUMENTATION_COMMENTS = YES;
				CLANG_WARN_OBJC_ROOT_CLASS = YES_ERROR;
				CLANG_WARN_UNGUARDED_AVAILABILITY = YES_AGGRESSIVE;
				CODE_SIGN_IDENTITY = "-";
				CODE_SIGN_STYLE = Automatic;
				COPY_PHASE_STRIP = NO;
				DEBUG_INFORMATION_FORMAT = "dwarf-with-dsym";
				ENABLE_NS_ASSERTIONS = NO;
				GCC_C_LANGUAGE_STANDARD = gnu11;
				GCC_WARN_ABOUT_RETURN_TYPE = YES_ERROR;
				GCC_WARN_UNINITIALIZED_AUTOS = YES_AGGRESSIVE;
				HEADER_SEARCH_PATHS = "$(PROJECT_DIR)";
				LIBRARY_SEARCH_PATHS = "$(PROJECT_DIR)/flips/libdivsufsort-2.0.1";
				MACOSX_DEPLOYMENT_TARGET = 10.9;
				MTL_ENABLE_DEBUG_INFO = NO;
				MTL_FAST_MATH = YES;
				PRODUCT_BUNDLE_IDENTIFIER = com.sappharad.MultiPatchCmd;
				PRODUCT_NAME = "$(TARGET_NAME)";
			};
			name = Release;
		};
		C01FCF4B08A954540054247B /* Debug */ = {
			isa = XCBuildConfiguration;
			buildSettings = {
				ALWAYS_SEARCH_USER_PATHS = NO;
				CLANG_CXX_LANGUAGE_STANDARD = "gnu++0x";
				CLANG_CXX_LIBRARY = "libc++";
				CLANG_ENABLE_OBJC_WEAK = YES;
				CODE_SIGN_IDENTITY = "Mac Developer";
				CODE_SIGN_STYLE = Automatic;
				COMBINE_HIDPI_IMAGES = YES;
				COPY_PHASE_STRIP = NO;
				CURRENT_PROJECT_VERSION = 1.8;
				DEVELOPMENT_TEAM = "";
				ENABLE_HARDENED_RUNTIME = YES;
				GCC_DYNAMIC_NO_PIC = NO;
				GCC_MODEL_TUNING = G5;
				GCC_OPTIMIZATION_LEVEL = 0;
				GCC_PRECOMPILE_PREFIX_HEADER = YES;
				GCC_PREFIX_HEADER = MultiPatch_Prefix.pch;
				GCC_PREPROCESSOR_DEFINITIONS = (
					"PROJECT_VERSION_FULL=\"2\"",
					NO_PRINTF,
				);
				GCC_VERSION = "";
				HEADER_SEARCH_PATHS = "$(PROJECT_DIR)";
				INFOPLIST_FILE = Info.plist;
				INSTALL_PATH = "$(HOME)/Applications";
				LIBRARY_SEARCH_PATHS = "$(PROJECT_DIR)/flips/libdivsufsort-2.0.1";
				MACOSX_DEPLOYMENT_TARGET = 10.9;
				MARKETING_VERSION = 1.8;
				PRODUCT_BUNDLE_IDENTIFIER = "com.sappharad.${PRODUCT_NAME:identifier}";
				PRODUCT_NAME = MultiPatch;
				PROVISIONING_PROFILE_SPECIFIER = "";
				SDKROOT = macosx;
			};
			name = Debug;
		};
		C01FCF4C08A954540054247B /* Release */ = {
			isa = XCBuildConfiguration;
			buildSettings = {
				ALWAYS_SEARCH_USER_PATHS = NO;
				CLANG_CXX_LANGUAGE_STANDARD = "gnu++0x";
				CLANG_CXX_LIBRARY = "libc++";
				CLANG_ENABLE_OBJC_WEAK = YES;
				CODE_SIGN_IDENTITY = "Mac Developer";
				CODE_SIGN_STYLE = Automatic;
				COMBINE_HIDPI_IMAGES = YES;
				CURRENT_PROJECT_VERSION = 1.8;
				DEBUG_INFORMATION_FORMAT = "dwarf-with-dsym";
				DEVELOPMENT_TEAM = "";
				ENABLE_HARDENED_RUNTIME = YES;
				GCC_C_LANGUAGE_STANDARD = gnu99;
				GCC_MODEL_TUNING = G5;
				GCC_PRECOMPILE_PREFIX_HEADER = YES;
				GCC_PREFIX_HEADER = MultiPatch_Prefix.pch;
				GCC_PREPROCESSOR_DEFINITIONS = (
					"PROJECT_VERSION_FULL=\"2\"",
					NO_PRINTF,
				);
				GCC_VERSION = "";
				HEADER_SEARCH_PATHS = "$(PROJECT_DIR)";
				INFOPLIST_FILE = Info.plist;
				INSTALL_PATH = "$(HOME)/Applications";
				LIBRARY_SEARCH_PATHS = "$(PROJECT_DIR)/flips/libdivsufsort-2.0.1";
				MACOSX_DEPLOYMENT_TARGET = 10.9;
				MARKETING_VERSION = 1.8;
				PRODUCT_BUNDLE_IDENTIFIER = "com.sappharad.${PRODUCT_NAME:identifier}";
				PRODUCT_NAME = MultiPatch;
				PROVISIONING_PROFILE_SPECIFIER = "";
				SDKROOT = macosx;
			};
			name = Release;
		};
		C01FCF4F08A954540054247B /* Debug */ = {
			isa = XCBuildConfiguration;
			buildSettings = {
				ALWAYS_SEARCH_USER_PATHS = NO;
				CLANG_ANALYZER_LOCALIZABILITY_NONLOCALIZED = YES;
				CLANG_WARN_BLOCK_CAPTURE_AUTORELEASING = YES;
				CLANG_WARN_BOOL_CONVERSION = YES;
				CLANG_WARN_COMMA = YES;
				CLANG_WARN_CONSTANT_CONVERSION = YES;
				CLANG_WARN_DEPRECATED_OBJC_IMPLEMENTATIONS = YES;
				CLANG_WARN_EMPTY_BODY = YES;
				CLANG_WARN_ENUM_CONVERSION = YES;
				CLANG_WARN_INFINITE_RECURSION = YES;
				CLANG_WARN_INT_CONVERSION = YES;
				CLANG_WARN_NON_LITERAL_NULL_CONVERSION = YES;
				CLANG_WARN_OBJC_IMPLICIT_RETAIN_SELF = YES;
				CLANG_WARN_OBJC_LITERAL_CONVERSION = YES;
				CLANG_WARN_QUOTED_INCLUDE_IN_FRAMEWORK_HEADER = YES;
				CLANG_WARN_RANGE_LOOP_ANALYSIS = YES;
				CLANG_WARN_STRICT_PROTOTYPES = YES;
				CLANG_WARN_SUSPICIOUS_MOVE = YES;
				CLANG_WARN_UNREACHABLE_CODE = YES;
				CLANG_WARN__DUPLICATE_METHOD_MATCH = YES;
				ENABLE_HARDENED_RUNTIME = YES;
				ENABLE_STRICT_OBJC_MSGSEND = YES;
				ENABLE_TESTABILITY = YES;
				GCC_C_LANGUAGE_STANDARD = gnu99;
				GCC_NO_COMMON_BLOCKS = YES;
				GCC_OPTIMIZATION_LEVEL = 0;
				GCC_THREADSAFE_STATICS = YES;
				GCC_VERSION = "";
				GCC_WARN_64_TO_32_BIT_CONVERSION = YES;
				GCC_WARN_ABOUT_RETURN_TYPE = YES;
				GCC_WARN_UNDECLARED_SELECTOR = YES;
				GCC_WARN_UNINITIALIZED_AUTOS = YES;
				GCC_WARN_UNUSED_FUNCTION = YES;
				GCC_WARN_UNUSED_VARIABLE = YES;
				GENERATE_MASTER_OBJECT_FILE = NO;
				MACH_O_TYPE = mh_execute;
				MACOSX_DEPLOYMENT_TARGET = 10.9;
				ONLY_ACTIVE_ARCH = YES;
				OTHER_CFLAGS = "";
				OTHER_CPLUSPLUSFLAGS = "$(OTHER_CFLAGS)";
				OTHER_LDFLAGS = (
					"-l",
					bz2,
				);
				SDKROOT = macosx;
			};
			name = Debug;
		};
		C01FCF5008A954540054247B /* Release */ = {
			isa = XCBuildConfiguration;
			buildSettings = {
				ALWAYS_SEARCH_USER_PATHS = NO;
				CLANG_ANALYZER_LOCALIZABILITY_NONLOCALIZED = YES;
				CLANG_WARN_BLOCK_CAPTURE_AUTORELEASING = YES;
				CLANG_WARN_BOOL_CONVERSION = YES;
				CLANG_WARN_COMMA = YES;
				CLANG_WARN_CONSTANT_CONVERSION = YES;
				CLANG_WARN_DEPRECATED_OBJC_IMPLEMENTATIONS = YES;
				CLANG_WARN_EMPTY_BODY = YES;
				CLANG_WARN_ENUM_CONVERSION = YES;
				CLANG_WARN_INFINITE_RECURSION = YES;
				CLANG_WARN_INT_CONVERSION = YES;
				CLANG_WARN_NON_LITERAL_NULL_CONVERSION = YES;
				CLANG_WARN_OBJC_IMPLICIT_RETAIN_SELF = YES;
				CLANG_WARN_OBJC_LITERAL_CONVERSION = YES;
				CLANG_WARN_QUOTED_INCLUDE_IN_FRAMEWORK_HEADER = YES;
				CLANG_WARN_RANGE_LOOP_ANALYSIS = YES;
				CLANG_WARN_STRICT_PROTOTYPES = YES;
				CLANG_WARN_SUSPICIOUS_MOVE = YES;
				CLANG_WARN_UNREACHABLE_CODE = YES;
				CLANG_WARN__DUPLICATE_METHOD_MATCH = YES;
				ENABLE_HARDENED_RUNTIME = YES;
				ENABLE_STRICT_OBJC_MSGSEND = YES;
				GCC_C_LANGUAGE_STANDARD = c99;
				GCC_NO_COMMON_BLOCKS = YES;
				GCC_VERSION = "";
				GCC_WARN_64_TO_32_BIT_CONVERSION = YES;
				GCC_WARN_ABOUT_RETURN_TYPE = YES;
				GCC_WARN_UNDECLARED_SELECTOR = YES;
				GCC_WARN_UNINITIALIZED_AUTOS = YES;
				GCC_WARN_UNUSED_FUNCTION = YES;
				GCC_WARN_UNUSED_VARIABLE = YES;
				MACOSX_DEPLOYMENT_TARGET = 10.9;
				ONLY_ACTIVE_ARCH = NO;
				OTHER_LDFLAGS = (
					"-l",
					bz2,
				);
				SDKROOT = macosx;
			};
			name = Release;
		};
/* End XCBuildConfiguration section */

/* Begin XCConfigurationList section */
		9EFB027D256D7BFD00B583D0 /* Build configuration list for PBXNativeTarget "cmdMultiPatch" */ = {
			isa = XCConfigurationList;
			buildConfigurations = (
				9EFB027B256D7BFD00B583D0 /* Debug */,
				9EFB027C256D7BFD00B583D0 /* Release */,
			);
			defaultConfigurationIsVisible = 0;
			defaultConfigurationName = Release;
		};
		C01FCF4A08A954540054247B /* Build configuration list for PBXNativeTarget "MultiPatcher" */ = {
			isa = XCConfigurationList;
			buildConfigurations = (
				C01FCF4B08A954540054247B /* Debug */,
				C01FCF4C08A954540054247B /* Release */,
			);
			defaultConfigurationIsVisible = 0;
			defaultConfigurationName = Release;
		};
		C01FCF4E08A954540054247B /* Build configuration list for PBXProject "MultiPatch" */ = {
			isa = XCConfigurationList;
			buildConfigurations = (
				C01FCF4F08A954540054247B /* Debug */,
				C01FCF5008A954540054247B /* Release */,
			);
			defaultConfigurationIsVisible = 0;
			defaultConfigurationName = Release;
		};
/* End XCConfigurationList section */
	};
	rootObject = 29B97313FDCFA39411CA2CEA /* Project object */;
}
